
Microsoft Visual Studio Solution File, Format Version 12.00
# Visual Studio Version 17
VisualStudioVersion = 17.0.31903.59
MinimumVisualStudioVersion = 10.0.40219.1
Project("{FAE04EC0-301F-11D3-BF4B-00C04F79EFBC}") = "MonkeyScheduler", "MonkeyScheduler\MonkeyScheduler.csproj", "{78DA81E6-89CA-43AD-809A-62775F685F9C}"
EndProject
Project("{FAE04EC0-301F-11D3-BF4B-00C04F79EFBC}") = "MonkeyScheduler.Tests", "MonkeyScheduler.Tests\MonkeyScheduler.Tests.csproj", "{95ABCD7D-56CB-4D70-9346-5BD49333CE13}"
EndProject
Project("{FAE04EC0-301F-11D3-BF4B-00C04F79EFBC}") = "MonkeyScheduler.Sample", "MonkeyScheduler.Sample\MonkeyScheduler.Sample.csproj", "{BDAD49C4-4482-4A79-A1AC-A15AF8985ED0}"
EndProject
Global
	GlobalSection(SolutionConfigurationPlatforms) = preSolution
		Debug|Any CPU = Debug|Any CPU
		Release|Any CPU = Release|Any CPU
	EndGlobalSection
	GlobalSection(SolutionProperties) = preSolution
		HideSolutionNode = FALSE
	EndGlobalSection
	GlobalSection(ProjectConfigurationPlatforms) = postSolution
		{78DA81E6-89CA-43AD-809A-62775F685F9C}.Debug|Any CPU.ActiveCfg = Debug|Any CPU
		{78DA81E6-89CA-43AD-809A-62775F685F9C}.Debug|Any CPU.Build.0 = Debug|Any CPU
		{78DA81E6-89CA-43AD-809A-62775F685F9C}.Release|Any CPU.ActiveCfg = Release|Any CPU
		{78DA81E6-89CA-43AD-809A-62775F685F9C}.Release|Any CPU.Build.0 = Release|Any CPU
		{95ABCD7D-56CB-4D70-9346-5BD49333CE13}.Debug|Any CPU.ActiveCfg = Debug|Any CPU
		{95ABCD7D-56CB-4D70-9346-5BD49333CE13}.Debug|Any CPU.Build.0 = Debug|Any CPU
		{95ABCD7D-56CB-4D70-9346-5BD49333CE13}.Release|Any CPU.ActiveCfg = Release|Any CPU
		{95ABCD7D-56CB-4D70-9346-5BD49333CE13}.Release|Any CPU.Build.0 = Release|Any CPU
		{BDAD49C4-4482-4A79-A1AC-A15AF8985ED0}.Debug|Any CPU.ActiveCfg = Debug|Any CPU
		{BDAD49C4-4482-4A79-A1AC-A15AF8985ED0}.Debug|Any CPU.Build.0 = Debug|Any CPU
		{BDAD49C4-4482-4A79-A1AC-A15AF8985ED0}.Release|Any CPU.ActiveCfg = Release|Any CPU
		{BDAD49C4-4482-4A79-A1AC-A15AF8985ED0}.Release|Any CPU.Build.0 = Release|Any CPU
	EndGlobalSection
EndGlobal
