
Microsoft Visual Studio Solution File, Format Version 12.00
# Visual Studio Version 17
VisualStudioVersion = 17.0.31903.59
MinimumVisualStudioVersion = 10.0.40219.1
Project("{FAE04EC0-301F-11D3-BF4B-00C04F79EFBC}") = "MonkeyScheduler", "MonkeyScheduler\MonkeyScheduler.csproj", "{78DA81E6-89CA-43AD-809A-62775F685F9C}"
EndProject
Project("{FAE04EC0-301F-11D3-BF4B-00C04F79EFBC}") = "MonkeyScheduler.SchedulerService", "MonkeyScheduler.SchedulerService\MonkeyScheduler.SchedulerService.csproj", "{17C8B9A1-07E2-4D52-93DD-689E25B0A09D}"
EndProject
Project("{FAE04EC0-301F-11D3-BF4B-00C04F79EFBC}") = "MonkeyScheduler.WorkerService", "MonkeyScheduler.WorkerService\MonkeyScheduler.WorkerService.csproj", "{862F0FD0-E6DC-4BB6-A1CC-D8099E5C6E1D}"
EndProject
Project("{FAE04EC0-301F-11D3-BF4B-00C04F79EFBC}") = "MonkeyScheduler.Data.MySQL", "MonkeyScheduler.Data.MySQL\MonkeyScheduler.Data.MySQL.csproj", "{A1B2C3D4-E5F6-4A5B-8C7D-9E0F1A2B3C4D}"
EndProject
Project("{2150E333-8FDC-42A3-9474-1A3956D46DE8}") = "Sample", "Sample", "{10D5C7AE-0FAC-46BE-A23B-9986487C924C}"
EndProject
Project("{FAE04EC0-301F-11D3-BF4B-00C04F79EFBC}") = "SchedulingServer", "SchedulingServer\SchedulingServer.csproj", "{0BA0FAC1-0337-420B-BBE2-A94EBB672ACA}"
EndProject
Project("{FAE04EC0-301F-11D3-BF4B-00C04F79EFBC}") = "WorkerService", "WorkerService\WorkerService.csproj", "{8778A213-D330-4306-B42E-628EA976A324}"
EndProject
Project("{2150E333-8FDC-42A3-9474-1A3956D46DE8}") = "src", "src", "{6F597326-1E79-4E96-9680-93334B412B33}"
EndProject
Project("{2150E333-8FDC-42A3-9474-1A3956D46DE8}") = "test", "test", "{4023BEFD-CA98-48CA-A639-A8D797749F17}"
EndProject
Project("{FAE04EC0-301F-11D3-BF4B-00C04F79EFBC}") = "MonkeySchedulerTest", "MonkeySchedulerTest\MonkeySchedulerTest.csproj", "{1B641580-17F9-41E3-BA94-002CABD706DC}"
EndProject
Project("{FAE04EC0-301F-11D3-BF4B-00C04F79EFBC}") = "MonkeyScheduler.SchedulerService.Test", "MonkeyScheduler.SchedulerService.Test\MonkeyScheduler.SchedulerService.Test.csproj", "{152B9B0C-E231-4F0A-8BC1-153DC90A60DB}"
EndProject
Project("{FAE04EC0-301F-11D3-BF4B-00C04F79EFBC}") = "MonkeyScheduler.WorkerService.Tests", "MonkeyScheduler.WorkerService.Tests\MonkeyScheduler.WorkerService.Tests.csproj", "{32A6EC4F-5621-2F02-90E2-CEF0EECF748E}"
EndProject
Project("{FAE04EC0-301F-11D3-BF4B-00C04F79EFBC}") = "MonkeyScheduler.Data.MySQL.Tests", "MonkeyScheduler.Data.MySQL.Tests\MonkeyScheduler.Data.MySQL.Tests.csproj", "{1C57B2E2-3861-89DB-0B13-525A299E74D9}"
EndProject
Global
	GlobalSection(SolutionConfigurationPlatforms) = preSolution
		Debug|Any CPU = Debug|Any CPU
		Debug|x64 = Debug|x64
		Debug|x86 = Debug|x86
		Release|Any CPU = Release|Any CPU
		Release|x64 = Release|x64
		Release|x86 = Release|x86
	EndGlobalSection
	GlobalSection(ProjectConfigurationPlatforms) = postSolution
		{78DA81E6-89CA-43AD-809A-62775F685F9C}.Debug|Any CPU.ActiveCfg = Debug|Any CPU
		{78DA81E6-89CA-43AD-809A-62775F685F9C}.Debug|Any CPU.Build.0 = Debug|Any CPU
		{78DA81E6-89CA-43AD-809A-62775F685F9C}.Debug|x64.ActiveCfg = Debug|Any CPU
		{78DA81E6-89CA-43AD-809A-62775F685F9C}.Debug|x64.Build.0 = Debug|Any CPU
		{78DA81E6-89CA-43AD-809A-62775F685F9C}.Debug|x86.ActiveCfg = Debug|Any CPU
		{78DA81E6-89CA-43AD-809A-62775F685F9C}.Debug|x86.Build.0 = Debug|Any CPU
		{78DA81E6-89CA-43AD-809A-62775F685F9C}.Release|Any CPU.ActiveCfg = Release|Any CPU
		{78DA81E6-89CA-43AD-809A-62775F685F9C}.Release|Any CPU.Build.0 = Release|Any CPU
		{78DA81E6-89CA-43AD-809A-62775F685F9C}.Release|x64.ActiveCfg = Release|Any CPU
		{78DA81E6-89CA-43AD-809A-62775F685F9C}.Release|x64.Build.0 = Release|Any CPU
		{78DA81E6-89CA-43AD-809A-62775F685F9C}.Release|x86.ActiveCfg = Release|Any CPU
		{78DA81E6-89CA-43AD-809A-62775F685F9C}.Release|x86.Build.0 = Release|Any CPU
		{17C8B9A1-07E2-4D52-93DD-689E25B0A09D}.Debug|Any CPU.ActiveCfg = Debug|Any CPU
		{17C8B9A1-07E2-4D52-93DD-689E25B0A09D}.Debug|Any CPU.Build.0 = Debug|Any CPU
		{17C8B9A1-07E2-4D52-93DD-689E25B0A09D}.Debug|x64.ActiveCfg = Debug|Any CPU
		{17C8B9A1-07E2-4D52-93DD-689E25B0A09D}.Debug|x64.Build.0 = Debug|Any CPU
		{17C8B9A1-07E2-4D52-93DD-689E25B0A09D}.Debug|x86.ActiveCfg = Debug|Any CPU
		{17C8B9A1-07E2-4D52-93DD-689E25B0A09D}.Debug|x86.Build.0 = Debug|Any CPU
		{17C8B9A1-07E2-4D52-93DD-689E25B0A09D}.Release|Any CPU.ActiveCfg = Release|Any CPU
		{17C8B9A1-07E2-4D52-93DD-689E25B0A09D}.Release|Any CPU.Build.0 = Release|Any CPU
		{17C8B9A1-07E2-4D52-93DD-689E25B0A09D}.Release|x64.ActiveCfg = Release|Any CPU
		{17C8B9A1-07E2-4D52-93DD-689E25B0A09D}.Release|x64.Build.0 = Release|Any CPU
		{17C8B9A1-07E2-4D52-93DD-689E25B0A09D}.Release|x86.ActiveCfg = Release|Any CPU
		{17C8B9A1-07E2-4D52-93DD-689E25B0A09D}.Release|x86.Build.0 = Release|Any CPU
		{862F0FD0-E6DC-4BB6-A1CC-D8099E5C6E1D}.Debug|Any CPU.ActiveCfg = Debug|Any CPU
		{862F0FD0-E6DC-4BB6-A1CC-D8099E5C6E1D}.Debug|Any CPU.Build.0 = Debug|Any CPU
		{862F0FD0-E6DC-4BB6-A1CC-D8099E5C6E1D}.Debug|x64.ActiveCfg = Debug|Any CPU
		{862F0FD0-E6DC-4BB6-A1CC-D8099E5C6E1D}.Debug|x64.Build.0 = Debug|Any CPU
		{862F0FD0-E6DC-4BB6-A1CC-D8099E5C6E1D}.Debug|x86.ActiveCfg = Debug|Any CPU
		{862F0FD0-E6DC-4BB6-A1CC-D8099E5C6E1D}.Debug|x86.Build.0 = Debug|Any CPU
		{862F0FD0-E6DC-4BB6-A1CC-D8099E5C6E1D}.Release|Any CPU.ActiveCfg = Release|Any CPU
		{862F0FD0-E6DC-4BB6-A1CC-D8099E5C6E1D}.Release|Any CPU.Build.0 = Release|Any CPU
		{862F0FD0-E6DC-4BB6-A1CC-D8099E5C6E1D}.Release|x64.ActiveCfg = Release|Any CPU
		{862F0FD0-E6DC-4BB6-A1CC-D8099E5C6E1D}.Release|x64.Build.0 = Release|Any CPU
		{862F0FD0-E6DC-4BB6-A1CC-D8099E5C6E1D}.Release|x86.ActiveCfg = Release|Any CPU
		{862F0FD0-E6DC-4BB6-A1CC-D8099E5C6E1D}.Release|x86.Build.0 = Release|Any CPU
		{A1B2C3D4-E5F6-4A5B-8C7D-9E0F1A2B3C4D}.Debug|Any CPU.ActiveCfg = Debug|Any CPU
		{A1B2C3D4-E5F6-4A5B-8C7D-9E0F1A2B3C4D}.Debug|Any CPU.Build.0 = Debug|Any CPU
		{A1B2C3D4-E5F6-4A5B-8C7D-9E0F1A2B3C4D}.Debug|x64.ActiveCfg = Debug|Any CPU
		{A1B2C3D4-E5F6-4A5B-8C7D-9E0F1A2B3C4D}.Debug|x64.Build.0 = Debug|Any CPU
		{A1B2C3D4-E5F6-4A5B-8C7D-9E0F1A2B3C4D}.Debug|x86.ActiveCfg = Debug|Any CPU
		{A1B2C3D4-E5F6-4A5B-8C7D-9E0F1A2B3C4D}.Debug|x86.Build.0 = Debug|Any CPU
		{A1B2C3D4-E5F6-4A5B-8C7D-9E0F1A2B3C4D}.Release|Any CPU.ActiveCfg = Release|Any CPU
		{A1B2C3D4-E5F6-4A5B-8C7D-9E0F1A2B3C4D}.Release|Any CPU.Build.0 = Release|Any CPU
		{A1B2C3D4-E5F6-4A5B-8C7D-9E0F1A2B3C4D}.Release|x64.ActiveCfg = Release|Any CPU
		{A1B2C3D4-E5F6-4A5B-8C7D-9E0F1A2B3C4D}.Release|x64.Build.0 = Release|Any CPU
		{A1B2C3D4-E5F6-4A5B-8C7D-9E0F1A2B3C4D}.Release|x86.ActiveCfg = Release|Any CPU
		{A1B2C3D4-E5F6-4A5B-8C7D-9E0F1A2B3C4D}.Release|x86.Build.0 = Release|Any CPU
		{0BA0FAC1-0337-420B-BBE2-A94EBB672ACA}.Debug|Any CPU.ActiveCfg = Debug|Any CPU
		{0BA0FAC1-0337-420B-BBE2-A94EBB672ACA}.Debug|Any CPU.Build.0 = Debug|Any CPU
		{0BA0FAC1-0337-420B-BBE2-A94EBB672ACA}.Debug|x64.ActiveCfg = Debug|Any CPU
		{0BA0FAC1-0337-420B-BBE2-A94EBB672ACA}.Debug|x64.Build.0 = Debug|Any CPU
		{0BA0FAC1-0337-420B-BBE2-A94EBB672ACA}.Debug|x86.ActiveCfg = Debug|Any CPU
		{0BA0FAC1-0337-420B-BBE2-A94EBB672ACA}.Debug|x86.Build.0 = Debug|Any CPU
		{0BA0FAC1-0337-420B-BBE2-A94EBB672ACA}.Release|Any CPU.ActiveCfg = Release|Any CPU
		{0BA0FAC1-0337-420B-BBE2-A94EBB672ACA}.Release|Any CPU.Build.0 = Release|Any CPU
		{0BA0FAC1-0337-420B-BBE2-A94EBB672ACA}.Release|x64.ActiveCfg = Release|Any CPU
		{0BA0FAC1-0337-420B-BBE2-A94EBB672ACA}.Release|x64.Build.0 = Release|Any CPU
		{0BA0FAC1-0337-420B-BBE2-A94EBB672ACA}.Release|x86.ActiveCfg = Release|Any CPU
		{0BA0FAC1-0337-420B-BBE2-A94EBB672ACA}.Release|x86.Build.0 = Release|Any CPU
		{8778A213-D330-4306-B42E-628EA976A324}.Debug|Any CPU.ActiveCfg = Debug|Any CPU
		{8778A213-D330-4306-B42E-628EA976A324}.Debug|Any CPU.Build.0 = Debug|Any CPU
		{8778A213-D330-4306-B42E-628EA976A324}.Debug|x64.ActiveCfg = Debug|Any CPU
		{8778A213-D330-4306-B42E-628EA976A324}.Debug|x64.Build.0 = Debug|Any CPU
		{8778A213-D330-4306-B42E-628EA976A324}.Debug|x86.ActiveCfg = Debug|Any CPU
		{8778A213-D330-4306-B42E-628EA976A324}.Debug|x86.Build.0 = Debug|Any CPU
		{8778A213-D330-4306-B42E-628EA976A324}.Release|Any CPU.ActiveCfg = Release|Any CPU
		{8778A213-D330-4306-B42E-628EA976A324}.Release|Any CPU.Build.0 = Release|Any CPU
		{8778A213-D330-4306-B42E-628EA976A324}.Release|x64.ActiveCfg = Release|Any CPU
		{8778A213-D330-4306-B42E-628EA976A324}.Release|x64.Build.0 = Release|Any CPU
		{8778A213-D330-4306-B42E-628EA976A324}.Release|x86.ActiveCfg = Release|Any CPU
		{8778A213-D330-4306-B42E-628EA976A324}.Release|x86.Build.0 = Release|Any CPU
		{1B641580-17F9-41E3-BA94-002CABD706DC}.Debug|Any CPU.ActiveCfg = Debug|Any CPU
		{1B641580-17F9-41E3-BA94-002CABD706DC}.Debug|Any CPU.Build.0 = Debug|Any CPU
		{1B641580-17F9-41E3-BA94-002CABD706DC}.Debug|x64.ActiveCfg = Debug|Any CPU
		{1B641580-17F9-41E3-BA94-002CABD706DC}.Debug|x64.Build.0 = Debug|Any CPU
		{1B641580-17F9-41E3-BA94-002CABD706DC}.Debug|x86.ActiveCfg = Debug|Any CPU
		{1B641580-17F9-41E3-BA94-002CABD706DC}.Debug|x86.Build.0 = Debug|Any CPU
		{1B641580-17F9-41E3-BA94-002CABD706DC}.Release|Any CPU.ActiveCfg = Release|Any CPU
		{1B641580-17F9-41E3-BA94-002CABD706DC}.Release|Any CPU.Build.0 = Release|Any CPU
		{1B641580-17F9-41E3-BA94-002CABD706DC}.Release|x64.ActiveCfg = Release|Any CPU
		{1B641580-17F9-41E3-BA94-002CABD706DC}.Release|x64.Build.0 = Release|Any CPU
		{1B641580-17F9-41E3-BA94-002CABD706DC}.Release|x86.ActiveCfg = Release|Any CPU
		{1B641580-17F9-41E3-BA94-002CABD706DC}.Release|x86.Build.0 = Release|Any CPU
		{152B9B0C-E231-4F0A-8BC1-153DC90A60DB}.Debug|Any CPU.ActiveCfg = Debug|Any CPU
		{152B9B0C-E231-4F0A-8BC1-153DC90A60DB}.Debug|Any CPU.Build.0 = Debug|Any CPU
		{152B9B0C-E231-4F0A-8BC1-153DC90A60DB}.Debug|x64.ActiveCfg = Debug|Any CPU
		{152B9B0C-E231-4F0A-8BC1-153DC90A60DB}.Debug|x64.Build.0 = Debug|Any CPU
		{152B9B0C-E231-4F0A-8BC1-153DC90A60DB}.Debug|x86.ActiveCfg = Debug|Any CPU
		{152B9B0C-E231-4F0A-8BC1-153DC90A60DB}.Debug|x86.Build.0 = Debug|Any CPU
		{152B9B0C-E231-4F0A-8BC1-153DC90A60DB}.Release|Any CPU.ActiveCfg = Release|Any CPU
		{152B9B0C-E231-4F0A-8BC1-153DC90A60DB}.Release|Any CPU.Build.0 = Release|Any CPU
		{152B9B0C-E231-4F0A-8BC1-153DC90A60DB}.Release|x64.ActiveCfg = Release|Any CPU
		{152B9B0C-E231-4F0A-8BC1-153DC90A60DB}.Release|x64.Build.0 = Release|Any CPU
		{152B9B0C-E231-4F0A-8BC1-153DC90A60DB}.Release|x86.ActiveCfg = Release|Any CPU
		{152B9B0C-E231-4F0A-8BC1-153DC90A60DB}.Release|x86.Build.0 = Release|Any CPU
		{32A6EC4F-5621-2F02-90E2-CEF0EECF748E}.Debug|Any CPU.ActiveCfg = Debug|Any CPU
		{32A6EC4F-5621-2F02-90E2-CEF0EECF748E}.Debug|Any CPU.Build.0 = Debug|Any CPU
		{32A6EC4F-5621-2F02-90E2-CEF0EECF748E}.Debug|x64.ActiveCfg = Debug|Any CPU
		{32A6EC4F-5621-2F02-90E2-CEF0EECF748E}.Debug|x64.Build.0 = Debug|Any CPU
		{32A6EC4F-5621-2F02-90E2-CEF0EECF748E}.Debug|x86.ActiveCfg = Debug|Any CPU
		{32A6EC4F-5621-2F02-90E2-CEF0EECF748E}.Debug|x86.Build.0 = Debug|Any CPU
		{32A6EC4F-5621-2F02-90E2-CEF0EECF748E}.Release|Any CPU.ActiveCfg = Release|Any CPU
		{32A6EC4F-5621-2F02-90E2-CEF0EECF748E}.Release|Any CPU.Build.0 = Release|Any CPU
		{32A6EC4F-5621-2F02-90E2-CEF0EECF748E}.Release|x64.ActiveCfg = Release|Any CPU
		{32A6EC4F-5621-2F02-90E2-CEF0EECF748E}.Release|x64.Build.0 = Release|Any CPU
		{32A6EC4F-5621-2F02-90E2-CEF0EECF748E}.Release|x86.ActiveCfg = Release|Any CPU
		{32A6EC4F-5621-2F02-90E2-CEF0EECF748E}.Release|x86.Build.0 = Release|Any CPU
		{1C57B2E2-3861-89DB-0B13-525A299E74D9}.Debug|Any CPU.ActiveCfg = Debug|Any CPU
		{1C57B2E2-3861-89DB-0B13-525A299E74D9}.Debug|Any CPU.Build.0 = Debug|Any CPU
		{1C57B2E2-3861-89DB-0B13-525A299E74D9}.Debug|x64.ActiveCfg = Debug|Any CPU
		{1C57B2E2-3861-89DB-0B13-525A299E74D9}.Debug|x64.Build.0 = Debug|Any CPU
		{1C57B2E2-3861-89DB-0B13-525A299E74D9}.Debug|x86.ActiveCfg = Debug|Any CPU
		{1C57B2E2-3861-89DB-0B13-525A299E74D9}.Debug|x86.Build.0 = Debug|Any CPU
		{1C57B2E2-3861-89DB-0B13-525A299E74D9}.Release|Any CPU.ActiveCfg = Release|Any CPU
		{1C57B2E2-3861-89DB-0B13-525A299E74D9}.Release|Any CPU.Build.0 = Release|Any CPU
		{1C57B2E2-3861-89DB-0B13-525A299E74D9}.Release|x64.ActiveCfg = Release|Any CPU
		{1C57B2E2-3861-89DB-0B13-525A299E74D9}.Release|x64.Build.0 = Release|Any CPU
		{1C57B2E2-3861-89DB-0B13-525A299E74D9}.Release|x86.ActiveCfg = Release|Any CPU
		{1C57B2E2-3861-89DB-0B13-525A299E74D9}.Release|x86.Build.0 = Release|Any CPU
	EndGlobalSection
	GlobalSection(SolutionProperties) = preSolution
		HideSolutionNode = FALSE
	EndGlobalSection
	GlobalSection(NestedProjects) = preSolution
		{78DA81E6-89CA-43AD-809A-62775F685F9C} = {6F597326-1E79-4E96-9680-93334B412B33}
		{17C8B9A1-07E2-4D52-93DD-689E25B0A09D} = {6F597326-1E79-4E96-9680-93334B412B33}
		{862F0FD0-E6DC-4BB6-A1CC-D8099E5C6E1D} = {6F597326-1E79-4E96-9680-93334B412B33}
		{A1B2C3D4-E5F6-4A5B-8C7D-9E0F1A2B3C4D} = {6F597326-1E79-4E96-9680-93334B412B33}
		{0BA0FAC1-0337-420B-BBE2-A94EBB672ACA} = {10D5C7AE-0FAC-46BE-A23B-9986487C924C}
		{8778A213-D330-4306-B42E-628EA976A324} = {10D5C7AE-0FAC-46BE-A23B-9986487C924C}
		{1B641580-17F9-41E3-BA94-002CABD706DC} = {4023BEFD-CA98-48CA-A639-A8D797749F17}
		{152B9B0C-E231-4F0A-8BC1-153DC90A60DB} = {4023BEFD-CA98-48CA-A639-A8D797749F17}
		{32A6EC4F-5621-2F02-90E2-CEF0EECF748E} = {4023BEFD-CA98-48CA-A639-A8D797749F17}
		{1C57B2E2-3861-89DB-0B13-525A299E74D9} = {4023BEFD-CA98-48CA-A639-A8D797749F17}
	EndGlobalSection
EndGlobal
